// !$*UTF8*$!
{
	archiveVersion = 1;
	classes = {
	};
	objectVersion = 77;
	objects = {

/* Begin PBXBuildFile section */
		ACA17C6E2CD51E44006BD680 /* FirebaseAnalytics in Frameworks */ = {isa = PBXBuildFile; productRef = ACA17C6D2CD51E44006BD680 /* FirebaseAnalytics */; };
		ACA17C702CD51E44006BD680 /* FirebaseAuth in Frameworks */ = {isa = PBXBuildFile; productRef = ACA17C6F2CD51E44006BD680 /* FirebaseAuth */; };
		ACA17C722CD51E44006BD680 /* FirebaseCrashlytics in Frameworks */ = {isa = PBXBuildFile; productRef = ACA17C712CD51E44006BD680 /* FirebaseCrashlytics */; };
		ACA17C742CD51E44006BD680 /* FirebaseFirestore in Frameworks */ = {isa = PBXBuildFile; productRef = ACA17C732CD51E44006BD680 /* FirebaseFirestore */; };
/* End PBXBuildFile section */

/* Begin PBXContainerItemProxy section */
		13AB57F32CC1B43C00BDDB20 /* PBXContainerItemProxy */ = {
			isa = PBXContainerItemProxy;
			containerPortal = 13AB57D92CC1B43A00BDDB20 /* Project object */;
			proxyType = 1;
			remoteGlobalIDString = 13AB57E02CC1B43A00BDDB20;
			remoteInfo = Lessgo;
		};
		13AB57FD2CC1B43C00BDDB20 /* PBXContainerItemProxy */ = {
			isa = PBXContainerItemProxy;
			containerPortal = 13AB57D92CC1B43A00BDDB20 /* Project object */;
			proxyType = 1;
			remoteGlobalIDString = 13AB57E02CC1B43A00BDDB20;
			remoteInfo = Lessgo;
		};
/* End PBXContainerItemProxy section */

/* Begin PBXFileReference section */
		13AB57E12CC1B43A00BDDB20 /* Lessgo.app */ = {isa = PBXFileReference; explicitFileType = wrapper.application; includeInIndex = 0; path = Lessgo.app; sourceTree = BUILT_PRODUCTS_DIR; };
		13AB57F22CC1B43C00BDDB20 /* LessgoTests.xctest */ = {isa = PBXFileReference; explicitFileType = wrapper.cfbundle; includeInIndex = 0; path = LessgoTests.xctest; sourceTree = BUILT_PRODUCTS_DIR; };
		13AB57FC2CC1B43C00BDDB20 /* LessgoUITests.xctest */ = {isa = PBXFileReference; explicitFileType = wrapper.cfbundle; includeInIndex = 0; path = LessgoUITests.xctest; sourceTree = BUILT_PRODUCTS_DIR; };
/* End PBXFileReference section */

/* Begin PBXFileSystemSynchronizedRootGroup section */
		13AB57E32CC1B43A00BDDB20 /* Lessgo */ = {
			isa = PBXFileSystemSynchronizedRootGroup;
			path = Lessgo;
			sourceTree = "<group>";
		};
		13AB57F52CC1B43C00BDDB20 /* LessgoTests */ = {
			isa = PBXFileSystemSynchronizedRootGroup;
			path = LessgoTests;
			sourceTree = "<group>";
		};
		13AB57FF2CC1B43C00BDDB20 /* LessgoUITests */ = {
			isa = PBXFileSystemSynchronizedRootGroup;
			path = LessgoUITests;
			sourceTree = "<group>";
		};
/* End PBXFileSystemSynchronizedRootGroup section */

/* Begin PBXFrameworksBuildPhase section */
		13AB57DE2CC1B43A00BDDB20 /* Frameworks */ = {
			isa = PBXFrameworksBuildPhase;
			buildActionMask = 2147483647;
			files = (
				ACA17C722CD51E44006BD680 /* FirebaseCrashlytics in Frameworks */,
				ACA17C742CD51E44006BD680 /* FirebaseFirestore in Frameworks */,
				ACA17C6E2CD51E44006BD680 /* FirebaseAnalytics in Frameworks */,
				ACA17C702CD51E44006BD680 /* FirebaseAuth in Frameworks */,
			);
			runOnlyForDeploymentPostprocessing = 0;
		};
		13AB57EF2CC1B43C00BDDB20 /* Frameworks */ = {
			isa = PBXFrameworksBuildPhase;
			buildActionMask = 2147483647;
			files = (
			);
			runOnlyForDeploymentPostprocessing = 0;
		};
		13AB57F92CC1B43C00BDDB20 /* Frameworks */ = {
			isa = PBXFrameworksBuildPhase;
			buildActionMask = 2147483647;
			files = (
			);
			runOnlyForDeploymentPostprocessing = 0;
		};
/* End PBXFrameworksBuildPhase section */

/* Begin PBXGroup section */
		13AB57D82CC1B43A00BDDB20 = {
			isa = PBXGroup;
			children = (
				13AB57E32CC1B43A00BDDB20 /* Lessgo */,
				13AB57F52CC1B43C00BDDB20 /* LessgoTests */,
				13AB57FF2CC1B43C00BDDB20 /* LessgoUITests */,
				13AB57E22CC1B43A00BDDB20 /* Products */,
			);
			sourceTree = "<group>";
		};
		13AB57E22CC1B43A00BDDB20 /* Products */ = {
			isa = PBXGroup;
			children = (
				13AB57E12CC1B43A00BDDB20 /* Lessgo.app */,
				13AB57F22CC1B43C00BDDB20 /* LessgoTests.xctest */,
				13AB57FC2CC1B43C00BDDB20 /* LessgoUITests.xctest */,
			);
			name = Products;
			sourceTree = "<group>";
		};
/* End PBXGroup section */

/* Begin PBXNativeTarget section */
		13AB57E02CC1B43A00BDDB20 /* Lessgo */ = {
			isa = PBXNativeTarget;
			buildConfigurationList = 13AB58062CC1B43C00BDDB20 /* Build configuration list for PBXNativeTarget "Lessgo" */;
			buildPhases = (
				13AB57DD2CC1B43A00BDDB20 /* Sources */,
				13AB57DE2CC1B43A00BDDB20 /* Frameworks */,
				13AB57DF2CC1B43A00BDDB20 /* Resources */,
			);
			buildRules = (
			);
			dependencies = (
			);
			fileSystemSynchronizedGroups = (
				13AB57E32CC1B43A00BDDB20 /* Lessgo */,
			);
			name = Lessgo;
			packageProductDependencies = (
				ACA17C6D2CD51E44006BD680 /* FirebaseAnalytics */,
				ACA17C6F2CD51E44006BD680 /* FirebaseAuth */,
				ACA17C712CD51E44006BD680 /* FirebaseCrashlytics */,
				ACA17C732CD51E44006BD680 /* FirebaseFirestore */,
			);
			productName = Lessgo;
			productReference = 13AB57E12CC1B43A00BDDB20 /* Lessgo.app */;
			productType = "com.apple.product-type.application";
		};
		13AB57F12CC1B43C00BDDB20 /* LessgoTests */ = {
			isa = PBXNativeTarget;
			buildConfigurationList = 13AB58092CC1B43C00BDDB20 /* Build configuration list for PBXNativeTarget "LessgoTests" */;
			buildPhases = (
				13AB57EE2CC1B43C00BDDB20 /* Sources */,
				13AB57EF2CC1B43C00BDDB20 /* Frameworks */,
				13AB57F02CC1B43C00BDDB20 /* Resources */,
			);
			buildRules = (
			);
			dependencies = (
				13AB57F42CC1B43C00BDDB20 /* PBXTargetDependency */,
			);
			fileSystemSynchronizedGroups = (
				13AB57F52CC1B43C00BDDB20 /* LessgoTests */,
			);
			name = LessgoTests;
			packageProductDependencies = (
			);
			productName = LessgoTests;
			productReference = 13AB57F22CC1B43C00BDDB20 /* LessgoTests.xctest */;
			productType = "com.apple.product-type.bundle.unit-test";
		};
		13AB57FB2CC1B43C00BDDB20 /* LessgoUITests */ = {
			isa = PBXNativeTarget;
			buildConfigurationList = 13AB580C2CC1B43C00BDDB20 /* Build configuration list for PBXNativeTarget "LessgoUITests" */;
			buildPhases = (
				13AB57F82CC1B43C00BDDB20 /* Sources */,
				13AB57F92CC1B43C00BDDB20 /* Frameworks */,
				13AB57FA2CC1B43C00BDDB20 /* Resources */,
			);
			buildRules = (
			);
			dependencies = (
				13AB57FE2CC1B43C00BDDB20 /* PBXTargetDependency */,
			);
			fileSystemSynchronizedGroups = (
				13AB57FF2CC1B43C00BDDB20 /* LessgoUITests */,
			);
			name = LessgoUITests;
			packageProductDependencies = (
			);
			productName = LessgoUITests;
			productReference = 13AB57FC2CC1B43C00BDDB20 /* LessgoUITests.xctest */;
			productType = "com.apple.product-type.bundle.ui-testing";
		};
/* End PBXNativeTarget section */

/* Begin PBXProject section */
		13AB57D92CC1B43A00BDDB20 /* Project object */ = {
			isa = PBXProject;
			attributes = {
				BuildIndependentTargetsInParallel = 1;
				LastSwiftUpdateCheck = 1600;
				LastUpgradeCheck = 1600;
				TargetAttributes = {
					13AB57E02CC1B43A00BDDB20 = {
						CreatedOnToolsVersion = 16.0;
					};
					13AB57F12CC1B43C00BDDB20 = {
						CreatedOnToolsVersion = 16.0;
						TestTargetID = 13AB57E02CC1B43A00BDDB20;
					};
					13AB57FB2CC1B43C00BDDB20 = {
						CreatedOnToolsVersion = 16.0;
						TestTargetID = 13AB57E02CC1B43A00BDDB20;
					};
				};
			};
			buildConfigurationList = 13AB57DC2CC1B43A00BDDB20 /* Build configuration list for PBXProject "Lessgo" */;
			developmentRegion = en;
			hasScannedForEncodings = 0;
			knownRegions = (
				en,
				Base,
			);
			mainGroup = 13AB57D82CC1B43A00BDDB20;
			minimizedProjectReferenceProxies = 1;
			packageReferences = (
				ACA17C6C2CD51E44006BD680 /* XCRemoteSwiftPackageReference "firebase-ios-sdk" */,
			);
			preferredProjectObjectVersion = 77;
			productRefGroup = 13AB57E22CC1B43A00BDDB20 /* Products */;
			projectDirPath = "";
			projectRoot = "";
			targets = (
				13AB57E02CC1B43A00BDDB20 /* Lessgo */,
				13AB57F12CC1B43C00BDDB20 /* LessgoTests */,
				13AB57FB2CC1B43C00BDDB20 /* LessgoUITests */,
			);
		};
/* End PBXProject section */

/* Begin PBXResourcesBuildPhase section */
		13AB57DF2CC1B43A00BDDB20 /* Resources */ = {
			isa = PBXResourcesBuildPhase;
			buildActionMask = 2147483647;
			files = (
			);
			runOnlyForDeploymentPostprocessing = 0;
		};
		13AB57F02CC1B43C00BDDB20 /* Resources */ = {
			isa = PBXResourcesBuildPhase;
			buildActionMask = 2147483647;
			files = (
			);
			runOnlyForDeploymentPostprocessing = 0;
		};
		13AB57FA2CC1B43C00BDDB20 /* Resources */ = {
			isa = PBXResourcesBuildPhase;
			buildActionMask = 2147483647;
			files = (
			);
			runOnlyForDeploymentPostprocessing = 0;
		};
/* End PBXResourcesBuildPhase section */

/* Begin PBXSourcesBuildPhase section */
		13AB57DD2CC1B43A00BDDB20 /* Sources */ = {
			isa = PBXSourcesBuildPhase;
			buildActionMask = 2147483647;
			files = (
			);
			runOnlyForDeploymentPostprocessing = 0;
		};
		13AB57EE2CC1B43C00BDDB20 /* Sources */ = {
			isa = PBXSourcesBuildPhase;
			buildActionMask = 2147483647;
			files = (
			);
			runOnlyForDeploymentPostprocessing = 0;
		};
		13AB57F82CC1B43C00BDDB20 /* Sources */ = {
			isa = PBXSourcesBuildPhase;
			buildActionMask = 2147483647;
			files = (
			);
			runOnlyForDeploymentPostprocessing = 0;
		};
/* End PBXSourcesBuildPhase section */

/* Begin PBXTargetDependency section */
		13AB57F42CC1B43C00BDDB20 /* PBXTargetDependency */ = {
			isa = PBXTargetDependency;
			target = 13AB57E02CC1B43A00BDDB20 /* Lessgo */;
			targetProxy = 13AB57F32CC1B43C00BDDB20 /* PBXContainerItemProxy */;
		};
		13AB57FE2CC1B43C00BDDB20 /* PBXTargetDependency */ = {
			isa = PBXTargetDependency;
			target = 13AB57E02CC1B43A00BDDB20 /* Lessgo */;
			targetProxy = 13AB57FD2CC1B43C00BDDB20 /* PBXContainerItemProxy */;
		};
/* End PBXTargetDependency section */

/* Begin XCBuildConfiguration section */
		13AB58042CC1B43C00BDDB20 /* Debug */ = {
			isa = XCBuildConfiguration;
			buildSettings = {
				ALWAYS_SEARCH_USER_PATHS = NO;
				ASSETCATALOG_COMPILER_GENERATE_SWIFT_ASSET_SYMBOL_EXTENSIONS = YES;
				CLANG_ANALYZER_NONNULL = YES;
				CLANG_ANALYZER_NUMBER_OBJECT_CONVERSION = YES_AGGRESSIVE;
				CLANG_CXX_LANGUAGE_STANDARD = "gnu++20";
				CLANG_ENABLE_MODULES = YES;
				CLANG_ENABLE_OBJC_ARC = YES;
				CLANG_ENABLE_OBJC_WEAK = YES;
				CLANG_WARN_BLOCK_CAPTURE_AUTORELEASING = YES;
				CLANG_WARN_BOOL_CONVERSION = YES;
				CLANG_WARN_COMMA = YES;
				CLANG_WARN_CONSTANT_CONVERSION = YES;
				CLANG_WARN_DEPRECATED_OBJC_IMPLEMENTATIONS = YES;
				CLANG_WARN_DIRECT_OBJC_ISA_USAGE = YES_ERROR;
				CLANG_WARN_DOCUMENTATION_COMMENTS = YES;
				CLANG_WARN_EMPTY_BODY = YES;
				CLANG_WARN_ENUM_CONVERSION = YES;
				CLANG_WARN_INFINITE_RECURSION = YES;
				CLANG_WARN_INT_CONVERSION = YES;
				CLANG_WARN_NON_LITERAL_NULL_CONVERSION = YES;
				CLANG_WARN_OBJC_IMPLICIT_RETAIN_SELF = YES;
				CLANG_WARN_OBJC_LITERAL_CONVERSION = YES;
				CLANG_WARN_OBJC_ROOT_CLASS = YES_ERROR;
				CLANG_WARN_QUOTED_INCLUDE_IN_FRAMEWORK_HEADER = YES;
				CLANG_WARN_RANGE_LOOP_ANALYSIS = YES;
				CLANG_WARN_STRICT_PROTOTYPES = YES;
				CLANG_WARN_SUSPICIOUS_MOVE = YES;
				CLANG_WARN_UNGUARDED_AVAILABILITY = YES_AGGRESSIVE;
				CLANG_WARN_UNREACHABLE_CODE = YES;
				CLANG_WARN__DUPLICATE_METHOD_MATCH = YES;
				COPY_PHASE_STRIP = NO;
				DEBUG_INFORMATION_FORMAT = dwarf;
				ENABLE_STRICT_OBJC_MSGSEND = YES;
				ENABLE_TESTABILITY = YES;
				ENABLE_USER_SCRIPT_SANDBOXING = YES;
				GCC_C_LANGUAGE_STANDARD = gnu17;
				GCC_DYNAMIC_NO_PIC = NO;
				GCC_NO_COMMON_BLOCKS = YES;
				GCC_OPTIMIZATION_LEVEL = 0;
				GCC_PREPROCESSOR_DEFINITIONS = (
					"DEBUG=1",
					"$(inherited)",
				);
				GCC_WARN_64_TO_32_BIT_CONVERSION = YES;
				GCC_WARN_ABOUT_RETURN_TYPE = YES_ERROR;
				GCC_WARN_UNDECLARED_SELECTOR = YES;
				GCC_WARN_UNINITIALIZED_AUTOS = YES_AGGRESSIVE;
				GCC_WARN_UNUSED_FUNCTION = YES;
				GCC_WARN_UNUSED_VARIABLE = YES;
				LOCALIZATION_PREFERS_STRING_CATALOGS = YES;
				MTL_ENABLE_DEBUG_INFO = INCLUDE_SOURCE;
				MTL_FAST_MATH = YES;
				ONLY_ACTIVE_ARCH = YES;
				SWIFT_ACTIVE_COMPILATION_CONDITIONS = "DEBUG $(inherited)";
				SWIFT_OPTIMIZATION_LEVEL = "-Onone";
			};
			name = Debug;
		};
		13AB58052CC1B43C00BDDB20 /* Release */ = {
			isa = XCBuildConfiguration;
			buildSettings = {
				ALWAYS_SEARCH_USER_PATHS = NO;
				ASSETCATALOG_COMPILER_GENERATE_SWIFT_ASSET_SYMBOL_EXTENSIONS = YES;
				CLANG_ANALYZER_NONNULL = YES;
				CLANG_ANALYZER_NUMBER_OBJECT_CONVERSION = YES_AGGRESSIVE;
				CLANG_CXX_LANGUAGE_STANDARD = "gnu++20";
				CLANG_ENABLE_MODULES = YES;
				CLANG_ENABLE_OBJC_ARC = YES;
				CLANG_ENABLE_OBJC_WEAK = YES;
				CLANG_WARN_BLOCK_CAPTURE_AUTORELEASING = YES;
				CLANG_WARN_BOOL_CONVERSION = YES;
				CLANG_WARN_COMMA = YES;
				CLANG_WARN_CONSTANT_CONVERSION = YES;
				CLANG_WARN_DEPRECATED_OBJC_IMPLEMENTATIONS = YES;
				CLANG_WARN_DIRECT_OBJC_ISA_USAGE = YES_ERROR;
				CLANG_WARN_DOCUMENTATION_COMMENTS = YES;
				CLANG_WARN_EMPTY_BODY = YES;
				CLANG_WARN_ENUM_CONVERSION = YES;
				CLANG_WARN_INFINITE_RECURSION = YES;
				CLANG_WARN_INT_CONVERSION = YES;
				CLANG_WARN_NON_LITERAL_NULL_CONVERSION = YES;
				CLANG_WARN_OBJC_IMPLICIT_RETAIN_SELF = YES;
				CLANG_WARN_OBJC_LITERAL_CONVERSION = YES;
				CLANG_WARN_OBJC_ROOT_CLASS = YES_ERROR;
				CLANG_WARN_QUOTED_INCLUDE_IN_FRAMEWORK_HEADER = YES;
				CLANG_WARN_RANGE_LOOP_ANALYSIS = YES;
				CLANG_WARN_STRICT_PROTOTYPES = YES;
				CLANG_WARN_SUSPICIOUS_MOVE = YES;
				CLANG_WARN_UNGUARDED_AVAILABILITY = YES_AGGRESSIVE;
				CLANG_WARN_UNREACHABLE_CODE = YES;
				CLANG_WARN__DUPLICATE_METHOD_MATCH = YES;
				COPY_PHASE_STRIP = NO;
				DEBUG_INFORMATION_FORMAT = "dwarf-with-dsym";
				ENABLE_NS_ASSERTIONS = NO;
				ENABLE_STRICT_OBJC_MSGSEND = YES;
				ENABLE_USER_SCRIPT_SANDBOXING = YES;
				GCC_C_LANGUAGE_STANDARD = gnu17;
				GCC_NO_COMMON_BLOCKS = YES;
				GCC_WARN_64_TO_32_BIT_CONVERSION = YES;
				GCC_WARN_ABOUT_RETURN_TYPE = YES_ERROR;
				GCC_WARN_UNDECLARED_SELECTOR = YES;
				GCC_WARN_UNINITIALIZED_AUTOS = YES_AGGRESSIVE;
				GCC_WARN_UNUSED_FUNCTION = YES;
				GCC_WARN_UNUSED_VARIABLE = YES;
				LOCALIZATION_PREFERS_STRING_CATALOGS = YES;
				MTL_ENABLE_DEBUG_INFO = NO;
				MTL_FAST_MATH = YES;
				SWIFT_COMPILATION_MODE = wholemodule;
			};
			name = Release;
		};
		13AB58072CC1B43C00BDDB20 /* Debug */ = {
			isa = XCBuildConfiguration;
			buildSettings = {
				ASSETCATALOG_COMPILER_APPICON_NAME = AppIcon;
				ASSETCATALOG_COMPILER_GLOBAL_ACCENT_COLOR_NAME = AccentColor;
				CODE_SIGN_ENTITLEMENTS = Lessgo/Lessgo.entitlements;
				CODE_SIGN_STYLE = Automatic;
				CURRENT_PROJECT_VERSION = 1;
				DEVELOPMENT_ASSET_PATHS = "\"Lessgo/Preview Content\"";
				ENABLE_PREVIEWS = YES;
				GENERATE_INFOPLIST_FILE = YES;
				"INFOPLIST_KEY_UIApplicationSceneManifest_Generation[sdk=iphoneos*]" = YES;
				"INFOPLIST_KEY_UIApplicationSceneManifest_Generation[sdk=iphonesimulator*]" = YES;
				"INFOPLIST_KEY_UIApplicationSupportsIndirectInputEvents[sdk=iphoneos*]" = YES;
				"INFOPLIST_KEY_UIApplicationSupportsIndirectInputEvents[sdk=iphonesimulator*]" = YES;
				"INFOPLIST_KEY_UILaunchScreen_Generation[sdk=iphoneos*]" = YES;
				"INFOPLIST_KEY_UILaunchScreen_Generation[sdk=iphonesimulator*]" = YES;
				"INFOPLIST_KEY_UIStatusBarStyle[sdk=iphoneos*]" = UIStatusBarStyleDefault;
				"INFOPLIST_KEY_UIStatusBarStyle[sdk=iphonesimulator*]" = UIStatusBarStyleDefault;
				INFOPLIST_KEY_UISupportedInterfaceOrientations_iPad = "UIInterfaceOrientationPortrait UIInterfaceOrientationPortraitUpsideDown UIInterfaceOrientationLandscapeLeft UIInterfaceOrientationLandscapeRight";
				INFOPLIST_KEY_UISupportedInterfaceOrientations_iPhone = "UIInterfaceOrientationPortrait UIInterfaceOrientationLandscapeLeft UIInterfaceOrientationLandscapeRight";
				IPHONEOS_DEPLOYMENT_TARGET = 18.0;
				LD_RUNPATH_SEARCH_PATHS = "@executable_path/Frameworks";
				"LD_RUNPATH_SEARCH_PATHS[sdk=macosx*]" = "@executable_path/../Frameworks";
				MACOSX_DEPLOYMENT_TARGET = 15.0;
				MARKETING_VERSION = 1.0;
				PRODUCT_BUNDLE_IDENTIFIER = com.manish.start.Lessgo;
				PRODUCT_NAME = "$(TARGET_NAME)";
				SDKROOT = auto;
				SUPPORTED_PLATFORMS = "iphoneos iphonesimulator macosx xros xrsimulator";
				SWIFT_EMIT_LOC_STRINGS = YES;
				SWIFT_VERSION = 5.0;
				TARGETED_DEVICE_FAMILY = "1,2,7";
				XROS_DEPLOYMENT_TARGET = 2.0;
			};
			name = Debug;
		};
		13AB58082CC1B43C00BDDB20 /* Release */ = {
			isa = XCBuildConfiguration;
			buildSettings = {
				ASSETCATALOG_COMPILER_APPICON_NAME = AppIcon;
				ASSETCATALOG_COMPILER_GLOBAL_ACCENT_COLOR_NAME = AccentColor;
				CODE_SIGN_ENTITLEMENTS = Lessgo/Lessgo.entitlements;
				CODE_SIGN_STYLE = Automatic;
				CURRENT_PROJECT_VERSION = 1;
				DEVELOPMENT_ASSET_PATHS = "\"Lessgo/Preview Content\"";
				ENABLE_PREVIEWS = YES;
				GENERATE_INFOPLIST_FILE = YES;
				"INFOPLIST_KEY_UIApplicationSceneManifest_Generation[sdk=iphoneos*]" = YES;
				"INFOPLIST_KEY_UIApplicationSceneManifest_Generation[sdk=iphonesimulator*]" = YES;
				"INFOPLIST_KEY_UIApplicationSupportsIndirectInputEvents[sdk=iphoneos*]" = YES;
				"INFOPLIST_KEY_UIApplicationSupportsIndirectInputEvents[sdk=iphonesimulator*]" = YES;
				"INFOPLIST_KEY_UILaunchScreen_Generation[sdk=iphoneos*]" = YES;
				"INFOPLIST_KEY_UILaunchScreen_Generation[sdk=iphonesimulator*]" = YES;
				"INFOPLIST_KEY_UIStatusBarStyle[sdk=iphoneos*]" = UIStatusBarStyleDefault;
				"INFOPLIST_KEY_UIStatusBarStyle[sdk=iphonesimulator*]" = UIStatusBarStyleDefault;
				INFOPLIST_KEY_UISupportedInterfaceOrientations_iPad = "UIInterfaceOrientationPortrait UIInterfaceOrientationPortraitUpsideDown UIInterfaceOrientationLandscapeLeft UIInterfaceOrientationLandscapeRight";
				INFOPLIST_KEY_UISupportedInterfaceOrientations_iPhone = "UIInterfaceOrientationPortrait UIInterfaceOrientationLandscapeLeft UIInterfaceOrientationLandscapeRight";
				IPHONEOS_DEPLOYMENT_TARGET = 18.0;
				LD_RUNPATH_SEARCH_PATHS = "@executable_path/Frameworks";
				"LD_RUNPATH_SEARCH_PATHS[sdk=macosx*]" = "@executable_path/../Frameworks";
				MACOSX_DEPLOYMENT_TARGET = 15.0;
				MARKETING_VERSION = 1.0;
				PRODUCT_BUNDLE_IDENTIFIER = com.manish.start.Lessgo;
				PRODUCT_NAME = "$(TARGET_NAME)";
				SDKROOT = auto;
				SUPPORTED_PLATFORMS = "iphoneos iphonesimulator macosx xros xrsimulator";
				SWIFT_EMIT_LOC_STRINGS = YES;
				SWIFT_VERSION = 5.0;
				TARGETED_DEVICE_FAMILY = "1,2,7";
				XROS_DEPLOYMENT_TARGET = 2.0;
			};
			name = Release;
		};
		13AB580A2CC1B43C00BDDB20 /* Debug */ = {
			isa = XCBuildConfiguration;
			buildSettings = {
				BUNDLE_LOADER = "$(TEST_HOST)";
				CODE_SIGN_STYLE = Automatic;
				CURRENT_PROJECT_VERSION = 1;
				GENERATE_INFOPLIST_FILE = YES;
				IPHONEOS_DEPLOYMENT_TARGET = 18.0;
				MACOSX_DEPLOYMENT_TARGET = 15.0;
				MARKETING_VERSION = 1.0;
				PRODUCT_BUNDLE_IDENTIFIER = com.manish.start.LessgoTests;
				PRODUCT_NAME = "$(TARGET_NAME)";
				SDKROOT = auto;
				SUPPORTED_PLATFORMS = "iphoneos iphonesimulator macosx xros xrsimulator";
				SWIFT_EMIT_LOC_STRINGS = NO;
				SWIFT_VERSION = 5.0;
				TARGETED_DEVICE_FAMILY = "1,2,7";
				TEST_HOST = "$(BUILT_PRODUCTS_DIR)/Lessgo.app/$(BUNDLE_EXECUTABLE_FOLDER_PATH)/Lessgo";
				XROS_DEPLOYMENT_TARGET = 2.0;
			};
			name = Debug;
		};
		13AB580B2CC1B43C00BDDB20 /* Release */ = {
			isa = XCBuildConfiguration;
			buildSettings = {
				BUNDLE_LOADER = "$(TEST_HOST)";
				CODE_SIGN_STYLE = Automatic;
				CURRENT_PROJECT_VERSION = 1;
				GENERATE_INFOPLIST_FILE = YES;
				IPHONEOS_DEPLOYMENT_TARGET = 18.0;
				MACOSX_DEPLOYMENT_TARGET = 15.0;
				MARKETING_VERSION = 1.0;
				PRODUCT_BUNDLE_IDENTIFIER = com.manish.start.LessgoTests;
				PRODUCT_NAME = "$(TARGET_NAME)";
				SDKROOT = auto;
				SUPPORTED_PLATFORMS = "iphoneos iphonesimulator macosx xros xrsimulator";
				SWIFT_EMIT_LOC_STRINGS = NO;
				SWIFT_VERSION = 5.0;
				TARGETED_DEVICE_FAMILY = "1,2,7";
				TEST_HOST = "$(BUILT_PRODUCTS_DIR)/Lessgo.app/$(BUNDLE_EXECUTABLE_FOLDER_PATH)/Lessgo";
				XROS_DEPLOYMENT_TARGET = 2.0;
			};
			name = Release;
		};
		13AB580D2CC1B43C00BDDB20 /* Debug */ = {
			isa = XCBuildConfiguration;
			buildSettings = {
				CODE_SIGN_STYLE = Automatic;
				CURRENT_PROJECT_VERSION = 1;
				GENERATE_INFOPLIST_FILE = YES;
				IPHONEOS_DEPLOYMENT_TARGET = 18.0;
				MACOSX_DEPLOYMENT_TARGET = 15.0;
				MARKETING_VERSION = 1.0;
				PRODUCT_BUNDLE_IDENTIFIER = com.manish.start.LessgoUITests;
				PRODUCT_NAME = "$(TARGET_NAME)";
				SDKROOT = auto;
				SUPPORTED_PLATFORMS = "iphoneos iphonesimulator macosx xros xrsimulator";
				SWIFT_EMIT_LOC_STRINGS = NO;
				SWIFT_VERSION = 5.0;
				TARGETED_DEVICE_FAMILY = "1,2,7";
				TEST_TARGET_NAME = Lessgo;
				XROS_DEPLOYMENT_TARGET = 2.0;
			};
			name = Debug;
		};
		13AB580E2CC1B43C00BDDB20 /* Release */ = {
			isa = XCBuildConfiguration;
			buildSettings = {
				CODE_SIGN_STYLE = Automatic;
				CURRENT_PROJECT_VERSION = 1;
				GENERATE_INFOPLIST_FILE = YES;
				IPHONEOS_DEPLOYMENT_TARGET = 18.0;
				MACOSX_DEPLOYMENT_TARGET = 15.0;
				MARKETING_VERSION = 1.0;
				PRODUCT_BUNDLE_IDENTIFIER = com.manish.start.LessgoUITests;
				PRODUCT_NAME = "$(TARGET_NAME)";
				SDKROOT = auto;
				SUPPORTED_PLATFORMS = "iphoneos iphonesimulator macosx xros xrsimulator";
				SWIFT_EMIT_LOC_STRINGS = NO;
				SWIFT_VERSION = 5.0;
				TARGETED_DEVICE_FAMILY = "1,2,7";
				TEST_TARGET_NAME = Lessgo;
				XROS_DEPLOYMENT_TARGET = 2.0;
			};
			name = Release;
		};
/* End XCBuildConfiguration section */

/* Begin XCConfigurationList section */
		13AB57DC2CC1B43A00BDDB20 /* Build configuration list for PBXProject "Lessgo" */ = {
			isa = XCConfigurationList;
			buildConfigurations = (
				13AB58042CC1B43C00BDDB20 /* Debug */,
				13AB58052CC1B43C00BDDB20 /* Release */,
			);
			defaultConfigurationIsVisible = 0;
			defaultConfigurationName = Release;
		};
		13AB58062CC1B43C00BDDB20 /* Build configuration list for PBXNativeTarget "Lessgo" */ = {
			isa = XCConfigurationList;
			buildConfigurations = (
				13AB58072CC1B43C00BDDB20 /* Debug */,
				13AB58082CC1B43C00BDDB20 /* Release */,
			);
			defaultConfigurationIsVisible = 0;
			defaultConfigurationName = Release;
		};
		13AB58092CC1B43C00BDDB20 /* Build configuration list for PBXNativeTarget "LessgoTests" */ = {
			isa = XCConfigurationList;
			buildConfigurations = (
				13AB580A2CC1B43C00BDDB20 /* Debug */,
				13AB580B2CC1B43C00BDDB20 /* Release */,
			);
			defaultConfigurationIsVisible = 0;
			defaultConfigurationName = Release;
		};
		13AB580C2CC1B43C00BDDB20 /* Build configuration list for PBXNativeTarget "LessgoUITests" */ = {
			isa = XCConfigurationList;
			buildConfigurations = (
				13AB580D2CC1B43C00BDDB20 /* Debug */,
				13AB580E2CC1B43C00BDDB20 /* Release */,
			);
			defaultConfigurationIsVisible = 0;
			defaultConfigurationName = Release;
		};
/* End XCConfigurationList section */

/* Begin XCRemoteSwiftPackageReference section */
		ACA17C6C2CD51E44006BD680 /* XCRemoteSwiftPackageReference "firebase-ios-sdk" */ = {
			isa = XCRemoteSwiftPackageReference;
			repositoryURL = "https://github.com/firebase/firebase-ios-sdk.git";
			requirement = {
				kind = upToNextMajorVersion;
				minimumVersion = 11.4.0;
			};
		};
/* End XCRemoteSwiftPackageReference section */

/* Begin XCSwiftPackageProductDependency section */
		ACA17C6D2CD51E44006BD680 /* FirebaseAnalytics */ = {
			isa = XCSwiftPackageProductDependency;
			package = ACA17C6C2CD51E44006BD680 /* XCRemoteSwiftPackageReference "firebase-ios-sdk" */;
			productName = FirebaseAnalytics;
		};
		ACA17C6F2CD51E44006BD680 /* FirebaseAuth */ = {
			isa = XCSwiftPackageProductDependency;
			package = ACA17C6C2CD51E44006BD680 /* XCRemoteSwiftPackageReference "firebase-ios-sdk" */;
			productName = FirebaseAuth;
		};
		ACA17C712CD51E44006BD680 /* FirebaseCrashlytics */ = {
			isa = XCSwiftPackageProductDependency;
			package = ACA17C6C2CD51E44006BD680 /* XCRemoteSwiftPackageReference "firebase-ios-sdk" */;
			productName = FirebaseCrashlytics;
		};
		ACA17C732CD51E44006BD680 /* FirebaseFirestore */ = {
			isa = XCSwiftPackageProductDependency;
			package = ACA17C6C2CD51E44006BD680 /* XCRemoteSwiftPackageReference "firebase-ios-sdk" */;
			productName = FirebaseFirestore;
		};
/* End XCSwiftPackageProductDependency section */
	};
	rootObject = 13AB57D92CC1B43A00BDDB20 /* Project object */;
}
